
Microsoft Visual Studio Solution File, Format Version 12.00
# Visual Studio Version 17
VisualStudioVersion = 17.5.33516.290
MinimumVisualStudioVersion = 10.0.40219.1
Project("{FAE04EC0-301F-11D3-BF4B-00C04F79EFBC}") = "AYUGSI_S5.Android", "AYUGSI_S5.Android\AYUGSI_S5.Android.csproj", "{58607B32-4CF8-4190-B959-DFC174EB091A}"
EndProject
Project("{FAE04EC0-301F-11D3-BF4B-00C04F79EFBC}") = "AYUGSI_S5.iOS", "AYUGSI_S5.iOS\AYUGSI_S5.iOS.csproj", "{C1C25FA5-A76D-4F19-A88B-E1FCB112BBDB}"
EndProject
Project("{FAE04EC0-301F-11D3-BF4B-00C04F79EFBC}") = "AYUGSI_S5", "AYUGSI_S5\AYUGSI_S5.csproj", "{D635E3FF-BDDC-47E7-B59C-9BEB71F7A48D}"
EndProject
Global
	GlobalSection(SolutionConfigurationPlatforms) = preSolution
		Debug|Any CPU = Debug|Any CPU
		Debug|iPhone = Debug|iPhone
		Debug|iPhoneSimulator = Debug|iPhoneSimulator
		Release|Any CPU = Release|Any CPU
		Release|iPhone = Release|iPhone
		Release|iPhoneSimulator = Release|iPhoneSimulator
	EndGlobalSection
	GlobalSection(ProjectConfigurationPlatforms) = postSolution
		{58607B32-4CF8-4190-B959-DFC174EB091A}.Debug|Any CPU.ActiveCfg = Debug|Any CPU
		{58607B32-4CF8-4190-B959-DFC174EB091A}.Debug|Any CPU.Build.0 = Debug|Any CPU
		{58607B32-4CF8-4190-B959-DFC174EB091A}.Debug|Any CPU.Deploy.0 = Debug|Any CPU
		{58607B32-4CF8-4190-B959-DFC174EB091A}.Debug|iPhone.ActiveCfg = Debug|Any CPU
		{58607B32-4CF8-4190-B959-DFC174EB091A}.Debug|iPhone.Build.0 = Debug|Any CPU
		{58607B32-4CF8-4190-B959-DFC174EB091A}.Debug|iPhone.Deploy.0 = Debug|Any CPU
		{58607B32-4CF8-4190-B959-DFC174EB091A}.Debug|iPhoneSimulator.ActiveCfg = Debug|Any CPU
		{58607B32-4CF8-4190-B959-DFC174EB091A}.Debug|iPhoneSimulator.Build.0 = Debug|Any CPU
		{58607B32-4CF8-4190-B959-DFC174EB091A}.Debug|iPhoneSimulator.Deploy.0 = Debug|Any CPU
		{58607B32-4CF8-4190-B959-DFC174EB091A}.Release|Any CPU.ActiveCfg = Release|Any CPU
		{58607B32-4CF8-4190-B959-DFC174EB091A}.Release|Any CPU.Build.0 = Release|Any CPU
		{58607B32-4CF8-4190-B959-DFC174EB091A}.Release|Any CPU.Deploy.0 = Release|Any CPU
		{58607B32-4CF8-4190-B959-DFC174EB091A}.Release|iPhone.ActiveCfg = Release|Any CPU
		{58607B32-4CF8-4190-B959-DFC174EB091A}.Release|iPhone.Build.0 = Release|Any CPU
		{58607B32-4CF8-4190-B959-DFC174EB091A}.Release|iPhone.Deploy.0 = Release|Any CPU
		{58607B32-4CF8-4190-B959-DFC174EB091A}.Release|iPhoneSimulator.ActiveCfg = Release|Any CPU
		{58607B32-4CF8-4190-B959-DFC174EB091A}.Release|iPhoneSimulator.Build.0 = Release|Any CPU
		{58607B32-4CF8-4190-B959-DFC174EB091A}.Release|iPhoneSimulator.Deploy.0 = Release|Any CPU
		{C1C25FA5-A76D-4F19-A88B-E1FCB112BBDB}.Debug|Any CPU.ActiveCfg = Debug|iPhone
		{C1C25FA5-A76D-4F19-A88B-E1FCB112BBDB}.Debug|Any CPU.Build.0 = Debug|iPhone
		{C1C25FA5-A76D-4F19-A88B-E1FCB112BBDB}.Debug|Any CPU.Deploy.0 = Debug|iPhone
		{C1C25FA5-A76D-4F19-A88B-E1FCB112BBDB}.Debug|iPhone.ActiveCfg = Debug|iPhone
		{C1C25FA5-A76D-4F19-A88B-E1FCB112BBDB}.Debug|iPhone.Build.0 = Debug|iPhone
		{C1C25FA5-A76D-4F19-A88B-E1FCB112BBDB}.Debug|iPhone.Deploy.0 = Debug|iPhone
		{C1C25FA5-A76D-4F19-A88B-E1FCB112BBDB}.Debug|iPhoneSimulator.ActiveCfg = Debug|iPhoneSimulator
		{C1C25FA5-A76D-4F19-A88B-E1FCB112BBDB}.Debug|iPhoneSimulator.Build.0 = Debug|iPhoneSimulator
		{C1C25FA5-A76D-4F19-A88B-E1FCB112BBDB}.Debug|iPhoneSimulator.Deploy.0 = Debug|iPhoneSimulator
		{C1C25FA5-A76D-4F19-A88B-E1FCB112BBDB}.Release|Any CPU.ActiveCfg = Release|iPhoneSimulator
		{C1C25FA5-A76D-4F19-A88B-E1FCB112BBDB}.Release|Any CPU.Build.0 = Release|iPhoneSimulator
		{C1C25FA5-A76D-4F19-A88B-E1FCB112BBDB}.Release|Any CPU.Deploy.0 = Release|iPhoneSimulator
		{C1C25FA5-A76D-4F19-A88B-E1FCB112BBDB}.Release|iPhone.ActiveCfg = Release|iPhone
		{C1C25FA5-A76D-4F19-A88B-E1FCB112BBDB}.Release|iPhone.Build.0 = Release|iPhone
		{C1C25FA5-A76D-4F19-A88B-E1FCB112BBDB}.Release|iPhone.Deploy.0 = Release|iPhone
		{C1C25FA5-A76D-4F19-A88B-E1FCB112BBDB}.Release|iPhoneSimulator.ActiveCfg = Release|iPhoneSimulator
		{C1C25FA5-A76D-4F19-A88B-E1FCB112BBDB}.Release|iPhoneSimulator.Build.0 = Release|iPhoneSimulator
		{C1C25FA5-A76D-4F19-A88B-E1FCB112BBDB}.Release|iPhoneSimulator.Deploy.0 = Release|iPhoneSimulator
		{D635E3FF-BDDC-47E7-B59C-9BEB71F7A48D}.Debug|Any CPU.ActiveCfg = Debug|Any CPU
		{D635E3FF-BDDC-47E7-B59C-9BEB71F7A48D}.Debug|Any CPU.Build.0 = Debug|Any CPU
		{D635E3FF-BDDC-47E7-B59C-9BEB71F7A48D}.Debug|Any CPU.Deploy.0 = Debug|Any CPU
		{D635E3FF-BDDC-47E7-B59C-9BEB71F7A48D}.Debug|iPhone.ActiveCfg = Debug|Any CPU
		{D635E3FF-BDDC-47E7-B59C-9BEB71F7A48D}.Debug|iPhone.Build.0 = Debug|Any CPU
		{D635E3FF-BDDC-47E7-B59C-9BEB71F7A48D}.Debug|iPhone.Deploy.0 = Debug|Any CPU
		{D635E3FF-BDDC-47E7-B59C-9BEB71F7A48D}.Debug|iPhoneSimulator.ActiveCfg = Debug|Any CPU
		{D635E3FF-BDDC-47E7-B59C-9BEB71F7A48D}.Debug|iPhoneSimulator.Build.0 = Debug|Any CPU
		{D635E3FF-BDDC-47E7-B59C-9BEB71F7A48D}.Debug|iPhoneSimulator.Deploy.0 = Debug|Any CPU
		{D635E3FF-BDDC-47E7-B59C-9BEB71F7A48D}.Release|Any CPU.ActiveCfg = Release|Any CPU
		{D635E3FF-BDDC-47E7-B59C-9BEB71F7A48D}.Release|Any CPU.Build.0 = Release|Any CPU
		{D635E3FF-BDDC-47E7-B59C-9BEB71F7A48D}.Release|Any CPU.Deploy.0 = Release|Any CPU
		{D635E3FF-BDDC-47E7-B59C-9BEB71F7A48D}.Release|iPhone.ActiveCfg = Release|Any CPU
		{D635E3FF-BDDC-47E7-B59C-9BEB71F7A48D}.Release|iPhone.Build.0 = Release|Any CPU
		{D635E3FF-BDDC-47E7-B59C-9BEB71F7A48D}.Release|iPhone.Deploy.0 = Release|Any CPU
		{D635E3FF-BDDC-47E7-B59C-9BEB71F7A48D}.Release|iPhoneSimulator.ActiveCfg = Release|Any CPU
		{D635E3FF-BDDC-47E7-B59C-9BEB71F7A48D}.Release|iPhoneSimulator.Build.0 = Release|Any CPU
		{D635E3FF-BDDC-47E7-B59C-9BEB71F7A48D}.Release|iPhoneSimulator.Deploy.0 = Release|Any CPU
	EndGlobalSection
	GlobalSection(SolutionProperties) = preSolution
		HideSolutionNode = FALSE
	EndGlobalSection
	GlobalSection(ExtensibilityGlobals) = postSolution
		SolutionGuid = {DBF6BEED-8858-47F3-A5A1-E031470068F8}
	EndGlobalSection
EndGlobal
